<?xml version="1.0" encoding="utf-8"?>
<Project ToolsVersion="4.0" xmlns="http://schemas.microsoft.com/developer/msbuild/2003">
  <ItemGroup>
    <Filter Include="src">
      <UniqueIdentifier>{71a9a433-8617-42e7-a4f4-d15b89e0c395}</UniqueIdentifier>
    </Filter>
    <Filter Include="res">
      <UniqueIdentifier>{382475b9-05fb-49a3-87fc-4feb7e0a0ad7}</UniqueIdentifier>
    </Filter>
    <Filter Include="src\testcase">
      <UniqueIdentifier>{5c29f958-2f80-4721-ad2f-4040739bd188}</UniqueIdentifier>
    </Filter>
    <Filter Include="src\gl">
      <UniqueIdentifier>{0576a7db-accc-4fc6-a436-3b451fcfe506}</UniqueIdentifier>
    </Filter>
    <Filter Include="src\vendor">
      <UniqueIdentifier>{e9c71bac-03de-44f2-a198-56e692465f5b}</UniqueIdentifier>
    </Filter>
  </ItemGroup>
  <ItemGroup>
    <ClCompile Include="source\main.cpp">
      <Filter>src</Filter>
    </ClCompile>
    <ClCompile Include="source\DrawWithEBO.cpp">
      <Filter>src\testcase</Filter>
    </ClCompile>
    <ClCompile Include="source\DrawWithOnlyVBO.cpp">
      <Filter>src\testcase</Filter>
    </ClCompile>
    <ClCompile Include="source\DrawWithVAO.cpp">
      <Filter>src\testcase</Filter>
    </ClCompile>
    <ClCompile Include="source\DrawTestcaseBase.cpp">
      <Filter>src\testcase</Filter>
    </ClCompile>
    <ClCompile Include="source\DrawPosColor.cpp">
      <Filter>src\testcase</Filter>
    </ClCompile>
    <ClCompile Include="source\DrawPosColorMixVBO.cpp">
      <Filter>src\testcase</Filter>
    </ClCompile>
    <ClCompile Include="source\IndexBuffer.cpp">
      <Filter>src\gl</Filter>
    </ClCompile>
    <ClCompile Include="source\VertexBuffer.cpp">
      <Filter>src\gl</Filter>
    </ClCompile>
    <ClCompile Include="source\Renderer.cpp">
      <Filter>src\gl</Filter>
    </ClCompile>
    <ClCompile Include="source\VertexArray.cpp">
      <Filter>src\gl</Filter>
    </ClCompile>
    <ClCompile Include="source\VertexBufferLayout.cpp">
      <Filter>src\gl</Filter>
    </ClCompile>
    <ClCompile Include="source\Shader.cpp">
      <Filter>src\gl</Filter>
    </ClCompile>
    <ClCompile Include="source\DrawSimpleTexture.cpp">
      <Filter>src\testcase</Filter>
    </ClCompile>
    <ClCompile Include="source\Texture2D.cpp">
      <Filter>src\gl</Filter>
    </ClCompile>
    <ClCompile Include="source\stb_image.cpp">
      <Filter>src\vendor</Filter>
    </ClCompile>
    <ClCompile Include="source\DrawTexture2.cpp">
      <Filter>src\testcase</Filter>
    </ClCompile>
  </ItemGroup>
  <ItemGroup>
    <ClInclude Include="source\DrawWithEBO.h">
      <Filter>src\testcase</Filter>
    </ClInclude>
    <ClInclude Include="source\DrawWithOnlyVBO.h">
      <Filter>src\testcase</Filter>
    </ClInclude>
    <ClInclude Include="source\DrawWithVAO.h">
      <Filter>src\testcase</Filter>
    </ClInclude>
    <ClInclude Include="source\DrawTestcaseBase.h">
      <Filter>src\testcase</Filter>
    </ClInclude>
    <ClInclude Include="source\DrawPosColor.h">
      <Filter>src\testcase</Filter>
    </ClInclude>
    <ClInclude Include="source\DrawPosColorMixVBO.h">
      <Filter>src\testcase</Filter>
    </ClInclude>
    <ClInclude Include="source\IndexBuffer.h">
      <Filter>src\gl</Filter>
    </ClInclude>
    <ClInclude Include="source\VertexBuffer.h">
      <Filter>src\gl</Filter>
    </ClInclude>
    <ClInclude Include="source\Renderer.h">
      <Filter>src\gl</Filter>
    </ClInclude>
    <ClInclude Include="source\VertexArray.h">
      <Filter>src\gl</Filter>
    </ClInclude>
    <ClInclude Include="source\VertexBufferLayout.h">
      <Filter>src\gl</Filter>
    </ClInclude>
    <ClInclude Include="source\Shader.h">
      <Filter>src\gl</Filter>
    </ClInclude>
    <ClInclude Include="source\DrawSimpleTexture.h">
      <Filter>src\testcase</Filter>
    </ClInclude>
    <ClInclude Include="source\Texture2D.h">
      <Filter>src\gl</Filter>
    </ClInclude>
    <ClInclude Include="source\stb_image.h">
      <Filter>src\vendor</Filter>
    </ClInclude>
    <ClInclude Include="source\DrawTexture2.h">
      <Filter>src\testcase</Filter>
    </ClInclude>
  </ItemGroup>
  <ItemGroup>
    <None Include="res\test.shader">
      <Filter>res</Filter>
    </None>
    <None Include="res\test2.shader">
      <Filter>res</Filter>
    </None>
    <None Include="res\test3.shader">
      <Filter>res</Filter>
    </None>
  </ItemGroup>
</Project>