<?xml version="1.0" encoding="utf-8"?>
<Project ToolsVersion="4.0" xmlns="http://schemas.microsoft.com/developer/msbuild/2003">
  <ItemGroup>
    <Filter Include="src">
      <UniqueIdentifier>{71a9a433-8617-42e7-a4f4-d15b89e0c395}</UniqueIdentifier>
    </Filter>
  </ItemGroup>
  <ItemGroup>
    <ClCompile Include="main.cpp">
      <Filter>src</Filter>
    </ClCompile>
    <ClCompile Include="source\Actor.cpp">
      <Filter>src</Filter>
    </ClCompile>
    <ClCompile Include="source\Triangle.cpp">
      <Filter>src</Filter>
    </ClCompile>
  </ItemGroup>
  <ItemGroup>
    <ClInclude Include="source\Actor.h">
      <Filter>src</Filter>
    </ClInclude>
    <ClInclude Include="source\Triangle.h">
      <Filter>src</Filter>
    </ClInclude>
  </ItemGroup>
</Project>